{
    "_readme": [
        "This file locks the dependencies of your project to a known state",
        "Read more about it at https://getcomposer.org/doc/01-basic-usage.md#composer-lock-the-lock-file",
        "This file is @generated automatically"
    ],
    "content-hash": "5db3835d3aa7483520dc89b1778bd765",
    "packages": [
        {
            "name": "pocketmine/binaryutils",
            "version": "dev-master",
            "source": {
                "type": "git",
                "url": "https://github.com/pmmp/BinaryUtils.git",
                "reference": "03e6851f814aba96487ec64181a6ae948edd9f7a"
            },
            "dist": {
                "type": "zip",
                "url": "https://api.github.com/repos/pmmp/BinaryUtils/zipball/03e6851f814aba96487ec64181a6ae948edd9f7a",
                "reference": "03e6851f814aba96487ec64181a6ae948edd9f7a",
                "shasum": ""
            },
            "require": {
                "php": ">=7.2"
            },
            "type": "library",
            "autoload": {
                "psr-4": {
                    "pocketmine\\utils\\": "src/"
                }
            },
            "license": [
                "LGPL-3.0"
            ],
            "description": "Classes and methods for conveniently handling binary data",
            "support": {
                "source": "https://github.com/pmmp/BinaryUtils/tree/master",
                "issues": "https://github.com/pmmp/BinaryUtils/issues"
            },
            "time": "2018-03-17T11:57:06+00:00"
        },
        {
            "name": "pocketmine/math",
            "version": "dev-master",
            "source": {
                "type": "git",
                "url": "https://github.com/pmmp/Math.git",
                "reference": "1df74f0352309a9c1e6728fa416a3f0493d07b16"
            },
            "dist": {
                "type": "zip",
                "url": "https://api.github.com/repos/pmmp/Math/zipball/1df74f0352309a9c1e6728fa416a3f0493d07b16",
                "reference": "1df74f0352309a9c1e6728fa416a3f0493d07b16",
                "shasum": ""
            },
            "require": {
                "php": ">=7.2.0"
            },
            "type": "library",
            "autoload": {
                "psr-4": {
                    "pocketmine\\math\\": "src/"
                }
            },
            "license": [
                "LGPL-3.0"
            ],
            "description": "PHP library containing math related code used in PocketMine-MP",
            "support": {
                "source": "https://github.com/pmmp/Math/tree/master",
                "issues": "https://github.com/pmmp/Math/issues"
            },
            "time": "2018-03-18T18:01:56+00:00"
        },
        {
            "name": "pocketmine/nbt",
            "version": "dev-master",
            "source": {
                "type": "git",
                "url": "https://github.com/pmmp/NBT.git",
                "reference": "e8fb4c11b291e96c2b44220a5d00f97c1692556e"
            },
            "dist": {
                "type": "zip",
                "url": "https://api.github.com/repos/pmmp/NBT/zipball/e8fb4c11b291e96c2b44220a5d00f97c1692556e",
                "reference": "e8fb4c11b291e96c2b44220a5d00f97c1692556e",
                "shasum": ""
            },
            "require": {
                "php": ">=7.2.0",
                "pocketmine/binaryutils": "dev-master#03e6851f814aba96487ec64181a6ae948edd9f7a"
            },
            "type": "library",
            "autoload": {
                "psr-4": {
                    "pocketmine\\nbt\\": "src/"
                }
            },
            "autoload-dev": {
                "psr-4": {
                    "pocketmine\\nbt\\": "tests/phpunit/"
                }
            },
            "license": [
                "LGPL-3.0"
            ],
            "description": "PHP library for working with Named Binary Tags",
            "support": {
                "source": "https://github.com/pmmp/NBT/tree/master",
                "issues": "https://github.com/pmmp/NBT/issues"
            },
            "time": "2018-03-17T12:16:12+00:00"
        },
        {
            "name": "pocketmine/raklib",
            "version": "dev-master",
            "source": {
                "type": "git",
                "url": "https://github.com/pmmp/RakLib.git",
                "reference": "31d6522de71a9c404aff5c23c49c6ea0526793fb"
            },
            "dist": {
                "type": "zip",
                "url": "https://api.github.com/repos/pmmp/RakLib/zipball/31d6522de71a9c404aff5c23c49c6ea0526793fb",
                "reference": "31d6522de71a9c404aff5c23c49c6ea0526793fb",
                "shasum": ""
            },
            "require": {
                "ext-bcmath": "*",
                "ext-pthreads": ">=3.1.7dev",
                "ext-sockets": "*",
                "php": ">=7.2.0RC3",
                "pocketmine/binaryutils": "dev-master#03e6851f814aba96487ec64181a6ae948edd9f7a",
                "pocketmine/spl": "dev-master#ee32424c100fd11ae7f7b8df7604623fd475f0ec"
            },
            "type": "library",
            "autoload": {
                "classmap": [
                    "./"
                ]
            },
            "license": [
                "GPL-3.0"
            ],
            "description": "A RakNet server implementation written in PHP",
            "support": {
                "source": "https://github.com/pmmp/RakLib/tree/master",
                "issues": "https://github.com/pmmp/RakLib/issues"
            },
            "time": "2018-03-17T12:11:22+00:00"
        },
        {
            "name": "pocketmine/spl",
            "version": "dev-master",
            "source": {
                "type": "git",
                "url": "https://github.com/pmmp/SPL.git",
                "reference": "ee32424c100fd11ae7f7b8df7604623fd475f0ec"
            },
            "dist": {
                "type": "zip",
                "url": "https://api.github.com/repos/pmmp/SPL/zipball/ee32424c100fd11ae7f7b8df7604623fd475f0ec",
                "reference": "ee32424c100fd11ae7f7b8df7604623fd475f0ec",
                "shasum": ""
            },
            "type": "library",
            "autoload": {
                "exclude-from-classmap": [
                    "stubs"
                ],
                "classmap": [
                    "./"
                ]
            },
            "license": [
                "LGPL-3.0"
            ],
            "description": "Standard library files required by PocketMine-MP and related projects",
            "support": {
                "source": "https://github.com/pmmp/SPL/tree/master"
            },
            "time": "2018-03-17T11:56:20+00:00"
        }
    ],
    "packages-dev": [],
    "aliases": [],
    "minimum-stability": "stable",
    "stability-flags": {
        "php": 5,
        "ext-pthreads": 20,
        "pocketmine/raklib": 20,
        "pocketmine/spl": 20,
        "pocketmine/binaryutils": 20,
        "pocketmine/nbt": 20,
        "pocketmine/math": 20
    },
    "prefer-stable": false,
    "prefer-lowest": false,
    "platform": {
        "php": ">=7.2.0RC3",
        "ext-bcmath": "*",
        "ext-curl": "*",
        "ext-hash": "*",
        "ext-json": "*",
        "ext-mbstring": "*",
        "ext-openssl": "*",
        "ext-pcre": "*",
        "ext-phar": "*",
        "ext-pthreads": ">=3.1.7dev",
        "ext-reflection": "*",
        "ext-sockets": "*",
        "ext-spl": "*",
        "ext-yaml": ">=2.0.0",
        "ext-zip": "*",
        "ext-zlib": ">=1.2.11"
    },
    "platform-dev": []
}
