{
    "_readme": [
        "This file locks the dependencies of your project to a known state",
        "Read more about it at https://getcomposer.org/doc/01-basic-usage.md#composer-lock-the-lock-file",
        "This file is @generated automatically"
    ],
<<<<<<< HEAD
<<<<<<< HEAD
<<<<<<< HEAD
    "content-hash": "539efc3616f87bdf637798e9ea4b6125",
=======
    "content-hash": "13a106ee8e33d29b4fc1d9edf2828b7d",
>>>>>>> parent of c4966404b... Moved NBT to Composer library
    "packages": [
        {
            "name": "pocketmine/pocketmine-binaryutils",
            "version": "dev-master",
            "source": {
                "type": "git",
                "url": "https://github.com/pmmp/PocketMine-BinaryUtils.git",
                "reference": "a7cd5303a3b215d26bf9be76682ce9311f40e887"
            },
            "dist": {
                "type": "zip",
                "url": "https://api.github.com/repos/pmmp/PocketMine-BinaryUtils/zipball/a7cd5303a3b215d26bf9be76682ce9311f40e887",
                "reference": "a7cd5303a3b215d26bf9be76682ce9311f40e887",
                "shasum": ""
            },
            "type": "library",
            "autoload": {
                "psr-4": {
                    "pocketmine\\utils\\": "src/"
                }
            },
            "license": [
                "LGPL-3.0"
            ],
            "description": "Classes and methods for conveniently handling binary data",
            "support": {
                "source": "https://github.com/pmmp/PocketMine-BinaryUtils/tree/master",
                "issues": "https://github.com/pmmp/PocketMine-BinaryUtils/issues"
            },
            "time": "2018-01-14T18:53:25+00:00"
        },
        {
=======
    "content-hash": "2e9fcb8bb36b51385e5dc3ebf0336d07",
    "packages": [
        {
>>>>>>> parent of 579c50876... Move Binary and BinaryStream to Composer library
            "name": "pocketmine/pocketmine-spl",
            "version": "0.2.0",
            "source": {
                "type": "git",
                "url": "https://github.com/pmmp/PocketMine-SPL.git",
                "reference": "70c591a44b6c5aa541a1a55585764bed2b23148c"
            },
            "dist": {
                "type": "zip",
                "url": "https://api.github.com/repos/pmmp/PocketMine-SPL/zipball/70c591a44b6c5aa541a1a55585764bed2b23148c",
                "reference": "70c591a44b6c5aa541a1a55585764bed2b23148c",
                "shasum": ""
            },
            "type": "library",
            "autoload": {
                "exclude-from-classmap": [
                    "stubs"
                ],
                "classmap": [
                    "./"
                ]
            },
            "license": [
                "LGPL-3.0"
            ],
            "description": "Standard library files required by PocketMine-MP and related projects",
            "support": {
                "source": "https://github.com/pmmp/PocketMine-SPL/tree/master"
            },
            "time": "2018-01-11T13:03:01+00:00"
        },
        {
            "name": "pocketmine/raklib",
            "version": "dev-master",
            "source": {
                "type": "git",
                "url": "https://github.com/pmmp/RakLib.git",
                "reference": "c29bebd2df63680e975d5d129aa25476f3ef86ba"
            },
            "dist": {
                "type": "zip",
                "url": "https://api.github.com/repos/pmmp/RakLib/zipball/c29bebd2df63680e975d5d129aa25476f3ef86ba",
                "reference": "c29bebd2df63680e975d5d129aa25476f3ef86ba",
                "shasum": ""
            },
            "require": {
                "ext-bcmath": "*",
                "ext-pthreads": ">=3.1.7dev",
                "ext-sockets": "*",
                "php": ">=7.2.0RC3",
                "pocketmine/pocketmine-binaryutils": "dev-master#a7cd5303a3b215d26bf9be76682ce9311f40e887",
                "pocketmine/pocketmine-spl": "^0.2.0"
            },
            "type": "library",
            "autoload": {
                "classmap": [
                    "./"
                ]
            },
            "license": [
                "GPL-3.0"
            ],
            "description": "A RakNet server implementation written in PHP",
            "support": {
                "source": "https://github.com/pmmp/RakLib/tree/master",
                "issues": "https://github.com/pmmp/RakLib/issues"
            },
            "time": "2018-01-18T18:09:59+00:00"
        }
    ],
=======
    "content-hash": "d4fecad9dce5314493052c870c8cf059",
    "packages": [],
>>>>>>> parent of 0d2b171c2... Remove RakLib and SPL submodules, start using Composer
    "packages-dev": [],
    "aliases": [],
    "minimum-stability": "stable",
    "stability-flags": {
<<<<<<< HEAD
        "php": 5,
<<<<<<< HEAD
        "ext-pthreads": 20,
<<<<<<< HEAD
        "pocketmine/raklib": 20,
        "pocketmine/pocketmine-binaryutils": 20,
        "pocketmine/pocketmine-nbt": 20
=======
        "pocketmine/pocketmine-binaryutils": 20
>>>>>>> parent of c4966404b... Moved NBT to Composer library
=======
=======
>>>>>>> parent of 0d2b171c2... Remove RakLib and SPL submodules, start using Composer
        "ext-pthreads": 20
>>>>>>> parent of 579c50876... Move Binary and BinaryStream to Composer library
    },
    "prefer-stable": false,
    "prefer-lowest": false,
    "platform": {
        "php": ">=7.2",
        "ext-bcmath": "*",
        "ext-curl": "*",
        "ext-hash": "*",
        "ext-json": "*",
        "ext-mbstring": "*",
        "ext-openssl": "*",
        "ext-pcre": "*",
        "ext-phar": "*",
        "ext-pthreads": ">=3.1.7dev",
        "ext-reflection": "*",
        "ext-sockets": "*",
        "ext-spl": "*",
        "ext-yaml": ">=2.0.0",
        "ext-zip": "*",
        "ext-zlib": ">=1.2.11"
    },
    "platform-dev": []
}
